e4cd2ad187220912672fcb76ec5a71bbbee0fa1140a6265c641897715dcd4665  rfirma-app/src/design-system/bundle/README.md
c7ef7734eb010cf4b94861d1146d34f945e8cadb5a7b62ead6f6b52753e53f15  rfirma-app/src/design-system/bundle/_ds_bundle.css
b55ccc62ac61532559f114a6c46be1fe4871571f45e5e5aa60087c0b19eae458  rfirma-app/src/design-system/bundle/_ds_bundle.js
7e15608f11a6f2e8bcca133bab6bd9012035ea9a4f425c7a06976e69df6bbe16  rfirma-app/src/design-system/bundle/components/Components/Badge/Badge.html
c558fffb4b5bc2c8a522737fca883b50d7a0a7f053d996c39e2f04a61a9c644a  rfirma-app/src/design-system/bundle/components/Components/Badge/Badge.prompt.md
44efc875edf93ddc5aca398fc8d4488dbef93006456903c4e7e97249aa1b814a  rfirma-app/src/design-system/bundle/components/Components/Button/Button.html
e334e4627f5a122c1a8f4eed40fbb9846701943ce0841b32c3b46efb5f1995b6  rfirma-app/src/design-system/bundle/components/Components/Button/Button.prompt.md
8a3d3805eabaabdd18171f3888fe538bf97d05d12aa1baddef8ef9d7e7985b38  rfirma-app/src/design-system/bundle/components/Components/Card/Card.html
bdb287d514a71ede066f70ed3b4d406f7a9344856db7c8be9300bd244f4e89bc  rfirma-app/src/design-system/bundle/components/Components/Card/Card.prompt.md
da5e72b43aac533fd9b64120abad3ded3eec65ee6153b14b3666a7caf9a5d09d  rfirma-app/src/design-system/bundle/components/Components/Dialog/Dialog.html
d94af6ec4ee6bc91766202e7a2e05fe28ee644bf54c095d77b3625fa8e059387  rfirma-app/src/design-system/bundle/components/Components/Dialog/Dialog.prompt.md
9aae7e7676f101d369aa390ce6ce8f34779ee8a8d9d576c4b9c0f91a9999c78f  rfirma-app/src/design-system/bundle/components/Components/Input/Input.html
347378ea20f718d8b06988aa1bb88ccc6f800a2ed885a8a8e9b6958e129e7e30  rfirma-app/src/design-system/bundle/components/Components/Input/Input.prompt.md
bda48ebc43813fa3edc745f71aa1ebd8c6ada9264544a731d7eaeb2a88aba425  rfirma-app/src/design-system/bundle/components/Foundations/Colors/Colors.html
56d6fc495a456b5848a8bc10c5970c6b326d290e5c2b9892fc114429289b16ea  rfirma-app/src/design-system/bundle/components/Foundations/Colors/Colors.prompt.md
2f1d42c29cbe838ce16420505b200c12edeafa9bd59fc2323b7f2df98ffee9d5  rfirma-app/src/design-system/bundle/components/Foundations/Elevation/Elevation.html
638ff1337ab49f334797b08650f6e9cbf8d6a814099093ac390a668b53a496b5  rfirma-app/src/design-system/bundle/components/Foundations/Elevation/Elevation.prompt.md
251158ab5e609cdfc18810b6da72f75cb9ed260c0dea2fc447f8d96fc8d4b292  rfirma-app/src/design-system/bundle/components/Foundations/Motion/Motion.html
97e0f8197519b5ebf14ad77489c5757c7595aa429155700e2635a87dd7215715  rfirma-app/src/design-system/bundle/components/Foundations/Motion/Motion.prompt.md
1da03eb183f0c97eff3a46ab06087a678829c55892b71785c72a8d9915a04765  rfirma-app/src/design-system/bundle/components/Foundations/Radius/Radius.html
dfe32f9c2a9d1276819cbae60961935892d32cd1371652663614879f08129e13  rfirma-app/src/design-system/bundle/components/Foundations/Radius/Radius.prompt.md
d0ba5fa3c216af3b3439c46cebc7f0f171015e637f682e77b81e72be5e79f547  rfirma-app/src/design-system/bundle/components/Foundations/Spacing/Spacing.html
201b29b54e4ca0466174dc389356cb166ce68fe41dde5a37b78ea6da3b4e955e  rfirma-app/src/design-system/bundle/components/Foundations/Spacing/Spacing.prompt.md
e5f5844772ac9d331ce54c7f1569b666da3b649f4becce5a9590ace392a82abc  rfirma-app/src/design-system/bundle/components/Foundations/Typography/Typography.html
a3042f89aea45f8a30684e38cf20590c4c30ee01ac50946d63dc868fdf40a033  rfirma-app/src/design-system/bundle/components/Foundations/Typography/Typography.prompt.md
262481e844521b326f5ecd053e59b98c8b2da78c8ee1bdbb6e8174305e54935a  rfirma-app/src/design-system/bundle/fonts/OFL.txt
af4e7845f8a2653bc717fc755c0f609a1a320a631cdb331acad693084059409a  rfirma-app/src/design-system/bundle/fonts/fonts.css
5e6d4fe9d9f4bff8b2a2469d25ab19576bb85331e22c6ed51398e16f95d56a9c  rfirma-app/src/design-system/bundle/fonts/inter-latin-ext.woff2
2c295d99e26dcf357d4d01bcf270fd6924b600c9a13dd8c363ef114f4c6976fa  rfirma-app/src/design-system/bundle/fonts/inter-latin.woff2
6b796dd81b50304b749dcb4b84895946a22a112e44d9f8153950ab552f30622b  rfirma-app/src/design-system/bundle/styles.css
2532ee359f733d7537a6644ed779b89254ec920309efb9fab241a5e407bca8be  rfirma-app/src/design-system/bundle/tokens/breakpoint.css
d9d0e054363b2e62d6fa9f74ae3f3da4fa9b41093e0ec296b977a226e3ca4350  rfirma-app/src/design-system/bundle/tokens/color.css
c865e2258f9395aac7667df9335f4ad6fbbbc32af0a77dae58292d6df4aa106b  rfirma-app/src/design-system/bundle/tokens/motion.css
94bf00f8bc457e69c2842ff23797541fcf4db3b68d600c58f8d70f3d63e07f07  rfirma-app/src/design-system/bundle/tokens/radius.css
fdc02adebab8c5ba0b625b1b9c1156334024ec18752061c949929f921ad6ff40  rfirma-app/src/design-system/bundle/tokens/shadow.css
fd82782ae2a7ef48dffd93357132bc7137fadddf2f961c782931cab51ce28d6f  rfirma-app/src/design-system/bundle/tokens/spacing.css
68a17fbfce5cf118a97c525eee04af46cca3941c02ce94be9202b361d279f2cb  rfirma-app/src/design-system/bundle/tokens/typography.css
